// !$*UTF8*$!
{
	archiveVersion = 1;
	classes = {
	};
	objectVersion = 50;
	objects = {

/* Begin PBXBuildFile section */
		EA0AB15C218562A50097DEA8 /* Assets.xcassets in Resources */ = {isa = PBXBuildFile; fileRef = EAF104C1210D53170009CED7 /* Assets.xcassets */; };
		EA0AB15E2185840B0097DEA8 /* SIXEditor.bundle in Resources */ = {isa = PBXBuildFile; fileRef = EA0AB15D2185840B0097DEA8 /* SIXEditor.bundle */; };
		EABDC4C62110915A005E4157 /* SIXEditorController.m in Sources */ = {isa = PBXBuildFile; fileRef = EABDC4C52110915A005E4157 /* SIXEditorController.m */; };
		EABDC4C921109992005E4157 /* SIXEditorInputManager.m in Sources */ = {isa = PBXBuildFile; fileRef = EABDC4C821109992005E4157 /* SIXEditorInputManager.m */; };
		EABDC4CC21109A63005E4157 /* SIXEditorInputView.m in Sources */ = {isa = PBXBuildFile; fileRef = EABDC4CB21109A63005E4157 /* SIXEditorInputView.m */; };
		EACA51982112E61C0027552E /* SIXHTMLParser.m in Sources */ = {isa = PBXBuildFile; fileRef = EACA51972112E61C0027552E /* SIXHTMLParser.m */; };
		EAF104BA210D53160009CED7 /* AppDelegate.m in Sources */ = {isa = PBXBuildFile; fileRef = EAF104B9210D53160009CED7 /* AppDelegate.m */; };
		EAF104C0210D53160009CED7 /* Main.storyboard in Resources */ = {isa = PBXBuildFile; fileRef = EAF104BE210D53160009CED7 /* Main.storyboard */; };
		EAF104C5210D53170009CED7 /* LaunchScreen.storyboard in Resources */ = {isa = PBXBuildFile; fileRef = EAF104C3210D53170009CED7 /* LaunchScreen.storyboard */; };
		EAF104C8210D53170009CED7 /* main.m in Sources */ = {isa = PBXBuildFile; fileRef = EAF104C7210D53170009CED7 /* main.m */; };
		EAF104E5210D556D0009CED7 /* SIXEditorView.m in Sources */ = {isa = PBXBuildFile; fileRef = EAF104E4210D556D0009CED7 /* SIXEditorView.m */; };
		EAF104EA210D685C0009CED7 /* SIXEditorToolBar.m in Sources */ = {isa = PBXBuildFile; fileRef = EAF104E9210D685C0009CED7 /* SIXEditorToolBar.m */; };
/* End PBXBuildFile section */

/* Begin PBXFileReference section */
		EA0AB15D2185840B0097DEA8 /* SIXEditor.bundle */ = {isa = PBXFileReference; lastKnownFileType = "wrapper.plug-in"; path = SIXEditor.bundle; sourceTree = "<group>"; };
		EABDC4C42110915A005E4157 /* SIXEditorController.h */ = {isa = PBXFileReference; lastKnownFileType = sourcecode.c.h; path = SIXEditorController.h; sourceTree = "<group>"; };
		EABDC4C52110915A005E4157 /* SIXEditorController.m */ = {isa = PBXFileReference; lastKnownFileType = sourcecode.c.objc; path = SIXEditorController.m; sourceTree = "<group>"; };
		EABDC4C721109992005E4157 /* SIXEditorInputManager.h */ = {isa = PBXFileReference; lastKnownFileType = sourcecode.c.h; path = SIXEditorInputManager.h; sourceTree = "<group>"; };
		EABDC4C821109992005E4157 /* SIXEditorInputManager.m */ = {isa = PBXFileReference; lastKnownFileType = sourcecode.c.objc; path = SIXEditorInputManager.m; sourceTree = "<group>"; };
		EABDC4CA21109A63005E4157 /* SIXEditorInputView.h */ = {isa = PBXFileReference; lastKnownFileType = sourcecode.c.h; path = SIXEditorInputView.h; sourceTree = "<group>"; };
		EABDC4CB21109A63005E4157 /* SIXEditorInputView.m */ = {isa = PBXFileReference; lastKnownFileType = sourcecode.c.objc; path = SIXEditorInputView.m; sourceTree = "<group>"; };
		EACA51962112E61C0027552E /* SIXHTMLParser.h */ = {isa = PBXFileReference; fileEncoding = 4; lastKnownFileType = sourcecode.c.h; path = SIXHTMLParser.h; sourceTree = "<group>"; };
		EACA51972112E61C0027552E /* SIXHTMLParser.m */ = {isa = PBXFileReference; fileEncoding = 4; lastKnownFileType = sourcecode.c.objc; path = SIXHTMLParser.m; sourceTree = "<group>"; };
		EAF104B5210D53160009CED7 /* SIXRichEditor.app */ = {isa = PBXFileReference; explicitFileType = wrapper.application; includeInIndex = 0; path = SIXRichEditor.app; sourceTree = BUILT_PRODUCTS_DIR; };
		EAF104B8210D53160009CED7 /* AppDelegate.h */ = {isa = PBXFileReference; lastKnownFileType = sourcecode.c.h; path = AppDelegate.h; sourceTree = "<group>"; };
		EAF104B9210D53160009CED7 /* AppDelegate.m */ = {isa = PBXFileReference; lastKnownFileType = sourcecode.c.objc; path = AppDelegate.m; sourceTree = "<group>"; };
		EAF104BF210D53160009CED7 /* Base */ = {isa = PBXFileReference; lastKnownFileType = file.storyboard; name = Base; path = Base.lproj/Main.storyboard; sourceTree = "<group>"; };
		EAF104C1210D53170009CED7 /* Assets.xcassets */ = {isa = PBXFileReference; lastKnownFileType = folder.assetcatalog; path = Assets.xcassets; sourceTree = "<group>"; };
		EAF104C4210D53170009CED7 /* Base */ = {isa = PBXFileReference; lastKnownFileType = file.storyboard; name = Base; path = Base.lproj/LaunchScreen.storyboard; sourceTree = "<group>"; };
		EAF104C6210D53170009CED7 /* Info.plist */ = {isa = PBXFileReference; lastKnownFileType = text.plist.xml; path = Info.plist; sourceTree = "<group>"; };
		EAF104C7210D53170009CED7 /* main.m */ = {isa = PBXFileReference; lastKnownFileType = sourcecode.c.objc; path = main.m; sourceTree = "<group>"; };
		EAF104E3210D556D0009CED7 /* SIXEditorView.h */ = {isa = PBXFileReference; lastKnownFileType = sourcecode.c.h; path = SIXEditorView.h; sourceTree = "<group>"; };
		EAF104E4210D556D0009CED7 /* SIXEditorView.m */ = {isa = PBXFileReference; lastKnownFileType = sourcecode.c.objc; path = SIXEditorView.m; sourceTree = "<group>"; };
		EAF104E6210D58FE0009CED7 /* SIXEditorHeader.h */ = {isa = PBXFileReference; lastKnownFileType = sourcecode.c.h; path = SIXEditorHeader.h; sourceTree = "<group>"; };
		EAF104E8210D685C0009CED7 /* SIXEditorToolBar.h */ = {isa = PBXFileReference; lastKnownFileType = sourcecode.c.h; path = SIXEditorToolBar.h; sourceTree = "<group>"; };
		EAF104E9210D685C0009CED7 /* SIXEditorToolBar.m */ = {isa = PBXFileReference; lastKnownFileType = sourcecode.c.objc; path = SIXEditorToolBar.m; sourceTree = "<group>"; };
/* End PBXFileReference section */

/* Begin PBXFrameworksBuildPhase section */
		EAF104B2210D53160009CED7 /* Frameworks */ = {
			isa = PBXFrameworksBuildPhase;
			buildActionMask = 2147483647;
			files = (
			);
			runOnlyForDeploymentPostprocessing = 0;
		};
/* End PBXFrameworksBuildPhase section */

/* Begin PBXGroup section */
		EAF104AC210D53160009CED7 = {
			isa = PBXGroup;
			children = (
				EAF104E2210D54C20009CED7 /* SIXEditor */,
				EAF104B7210D53160009CED7 /* Example */,
				EAF104B6210D53160009CED7 /* Products */,
			);
			sourceTree = "<group>";
		};
		EAF104B6210D53160009CED7 /* Products */ = {
			isa = PBXGroup;
			children = (
				EAF104B5210D53160009CED7 /* SIXRichEditor.app */,
			);
			name = Products;
			sourceTree = "<group>";
		};
		EAF104B7210D53160009CED7 /* Example */ = {
			isa = PBXGroup;
			children = (
				EAF104B8210D53160009CED7 /* AppDelegate.h */,
				EAF104B9210D53160009CED7 /* AppDelegate.m */,
				EABDC4C42110915A005E4157 /* SIXEditorController.h */,
				EABDC4C52110915A005E4157 /* SIXEditorController.m */,
				EAF104BE210D53160009CED7 /* Main.storyboard */,
				EAF104C1210D53170009CED7 /* Assets.xcassets */,
				EAF104C3210D53170009CED7 /* LaunchScreen.storyboard */,
				EAF104C6210D53170009CED7 /* Info.plist */,
				EAF104C7210D53170009CED7 /* main.m */,
			);
			path = Example;
			sourceTree = "<group>";
		};
		EAF104E2210D54C20009CED7 /* SIXEditor */ = {
			isa = PBXGroup;
			children = (
				EA0AB15D2185840B0097DEA8 /* SIXEditor.bundle */,
				EAF104E3210D556D0009CED7 /* SIXEditorView.h */,
				EAF104E4210D556D0009CED7 /* SIXEditorView.m */,
				EAF104E8210D685C0009CED7 /* SIXEditorToolBar.h */,
				EAF104E9210D685C0009CED7 /* SIXEditorToolBar.m */,
				EABDC4CA21109A63005E4157 /* SIXEditorInputView.h */,
				EABDC4CB21109A63005E4157 /* SIXEditorInputView.m */,
				EABDC4C721109992005E4157 /* SIXEditorInputManager.h */,
				EABDC4C821109992005E4157 /* SIXEditorInputManager.m */,
				EACA51962112E61C0027552E /* SIXHTMLParser.h */,
				EACA51972112E61C0027552E /* SIXHTMLParser.m */,
				EAF104E6210D58FE0009CED7 /* SIXEditorHeader.h */,
			);
			path = SIXEditor;
			sourceTree = "<group>";
		};
/* End PBXGroup section */

/* Begin PBXNativeTarget section */
		EAF104B4210D53160009CED7 /* SIXRichEditor */ = {
			isa = PBXNativeTarget;
			buildConfigurationList = EAF104CB210D53170009CED7 /* Build configuration list for PBXNativeTarget "SIXRichEditor" */;
			buildPhases = (
				EAF104B1210D53160009CED7 /* Sources */,
				EAF104B2210D53160009CED7 /* Frameworks */,
				EAF104B3210D53160009CED7 /* Resources */,
			);
			buildRules = (
			);
			dependencies = (
			);
			name = SIXRichEditor;
			productName = SIXRichEditor;
			productReference = EAF104B5210D53160009CED7 /* SIXRichEditor.app */;
			productType = "com.apple.product-type.application";
		};
/* End PBXNativeTarget section */

/* Begin PBXProject section */
		EAF104AD210D53160009CED7 /* Project object */ = {
			isa = PBXProject;
			attributes = {
				LastUpgradeCheck = 0940;
				ORGANIZATIONNAME = liujiliu;
				TargetAttributes = {
					EAF104B4210D53160009CED7 = {
						CreatedOnToolsVersion = 9.4.1;
					};
				};
			};
			buildConfigurationList = EAF104B0210D53160009CED7 /* Build configuration list for PBXProject "SIXRichEditor" */;
			compatibilityVersion = "Xcode 9.3";
			developmentRegion = en;
			hasScannedForEncodings = 0;
			knownRegions = (
				en,
				Base,
			);
			mainGroup = EAF104AC210D53160009CED7;
			productRefGroup = EAF104B6210D53160009CED7 /* Products */;
			projectDirPath = "";
			projectRoot = "";
			targets = (
				EAF104B4210D53160009CED7 /* SIXRichEditor */,
			);
		};
/* End PBXProject section */

/* Begin PBXResourcesBuildPhase section */
		EAF104B3210D53160009CED7 /* Resources */ = {
			isa = PBXResourcesBuildPhase;
			buildActionMask = 2147483647;
			files = (
				EA0AB15C218562A50097DEA8 /* Assets.xcassets in Resources */,
				EAF104C5210D53170009CED7 /* LaunchScreen.storyboard in Resources */,
				EA0AB15E2185840B0097DEA8 /* SIXEditor.bundle in Resources */,
				EAF104C0210D53160009CED7 /* Main.storyboard in Resources */,
			);
			runOnlyForDeploymentPostprocessing = 0;
		};
/* End PBXResourcesBuildPhase section */

/* Begin PBXSourcesBuildPhase section */
		EAF104B1210D53160009CED7 /* Sources */ = {
			isa = PBXSourcesBuildPhase;
			buildActionMask = 2147483647;
			files = (
				EABDC4C921109992005E4157 /* SIXEditorInputManager.m in Sources */,
				EABDC4CC21109A63005E4157 /* SIXEditorInputView.m in Sources */,
				EAF104E5210D556D0009CED7 /* SIXEditorView.m in Sources */,
				EAF104C8210D53170009CED7 /* main.m in Sources */,
				EAF104EA210D685C0009CED7 /* SIXEditorToolBar.m in Sources */,
				EABDC4C62110915A005E4157 /* SIXEditorController.m in Sources */,
				EAF104BA210D53160009CED7 /* AppDelegate.m in Sources */,
				EACA51982112E61C0027552E /* SIXHTMLParser.m in Sources */,
			);
			runOnlyForDeploymentPostprocessing = 0;
		};
/* End PBXSourcesBuildPhase section */

/* Begin PBXVariantGroup section */
		EAF104BE210D53160009CED7 /* Main.storyboard */ = {
			isa = PBXVariantGroup;
			children = (
				EAF104BF210D53160009CED7 /* Base */,
			);
			name = Main.storyboard;
			sourceTree = "<group>";
		};
		EAF104C3210D53170009CED7 /* LaunchScreen.storyboard */ = {
			isa = PBXVariantGroup;
			children = (
				EAF104C4210D53170009CED7 /* Base */,
			);
			name = LaunchScreen.storyboard;
			sourceTree = "<group>";
		};
/* End PBXVariantGroup section */

/* Begin XCBuildConfiguration section */
		EAF104C9210D53170009CED7 /* Debug */ = {
			isa = XCBuildConfiguration;
			buildSettings = {
				ALWAYS_SEARCH_USER_PATHS = NO;
				CLANG_ANALYZER_NONNULL = YES;
				CLANG_ANALYZER_NUMBER_OBJECT_CONVERSION = YES_AGGRESSIVE;
				CLANG_CXX_LANGUAGE_STANDARD = "gnu++14";
				CLANG_CXX_LIBRARY = "libc++";
				CLANG_ENABLE_MODULES = YES;
				CLANG_ENABLE_OBJC_ARC = YES;
				CLANG_ENABLE_OBJC_WEAK = YES;
				CLANG_WARN_BLOCK_CAPTURE_AUTORELEASING = YES;
				CLANG_WARN_BOOL_CONVERSION = YES;
				CLANG_WARN_COMMA = YES;
				CLANG_WARN_CONSTANT_CONVERSION = YES;
				CLANG_WARN_DEPRECATED_OBJC_IMPLEMENTATIONS = YES;
				CLANG_WARN_DIRECT_OBJC_ISA_USAGE = YES_ERROR;
				CLANG_WARN_DOCUMENTATION_COMMENTS = YES;
				CLANG_WARN_EMPTY_BODY = YES;
				CLANG_WARN_ENUM_CONVERSION = YES;
				CLANG_WARN_INFINITE_RECURSION = YES;
				CLANG_WARN_INT_CONVERSION = YES;
				CLANG_WARN_NON_LITERAL_NULL_CONVERSION = YES;
				CLANG_WARN_OBJC_IMPLICIT_RETAIN_SELF = YES;
				CLANG_WARN_OBJC_LITERAL_CONVERSION = YES;
				CLANG_WARN_OBJC_ROOT_CLASS = YES_ERROR;
				CLANG_WARN_RANGE_LOOP_ANALYSIS = YES;
				CLANG_WARN_STRICT_PROTOTYPES = YES;
				CLANG_WARN_SUSPICIOUS_MOVE = YES;
				CLANG_WARN_UNGUARDED_AVAILABILITY = YES_AGGRESSIVE;
				CLANG_WARN_UNREACHABLE_CODE = YES;
				CLANG_WARN__DUPLICATE_METHOD_MATCH = YES;
				CODE_SIGN_IDENTITY = "iPhone Developer";
				COPY_PHASE_STRIP = NO;
				DEBUG_INFORMATION_FORMAT = dwarf;
				ENABLE_STRICT_OBJC_MSGSEND = YES;
				ENABLE_TESTABILITY = YES;
				GCC_C_LANGUAGE_STANDARD = gnu11;
				GCC_DYNAMIC_NO_PIC = NO;
				GCC_NO_COMMON_BLOCKS = YES;
				GCC_OPTIMIZATION_LEVEL = 0;
				GCC_PREPROCESSOR_DEFINITIONS = (
					"DEBUG=1",
					"$(inherited)",
				);
				GCC_WARN_64_TO_32_BIT_CONVERSION = YES;
				GCC_WARN_ABOUT_RETURN_TYPE = YES_ERROR;
				GCC_WARN_UNDECLARED_SELECTOR = YES;
				GCC_WARN_UNINITIALIZED_AUTOS = YES_AGGRESSIVE;
				GCC_WARN_UNUSED_FUNCTION = YES;
				GCC_WARN_UNUSED_VARIABLE = YES;
				IPHONEOS_DEPLOYMENT_TARGET = 11.4;
				MTL_ENABLE_DEBUG_INFO = YES;
				ONLY_ACTIVE_ARCH = YES;
				SDKROOT = iphoneos;
			};
			name = Debug;
		};
		EAF104CA210D53170009CED7 /* Release */ = {
			isa = XCBuildConfiguration;
			buildSettings = {
				ALWAYS_SEARCH_USER_PATHS = NO;
				CLANG_ANALYZER_NONNULL = YES;
				CLANG_ANALYZER_NUMBER_OBJECT_CONVERSION = YES_AGGRESSIVE;
				CLANG_CXX_LANGUAGE_STANDARD = "gnu++14";
				CLANG_CXX_LIBRARY = "libc++";
				CLANG_ENABLE_MODULES = YES;
				CLANG_ENABLE_OBJC_ARC = YES;
				CLANG_ENABLE_OBJC_WEAK = YES;
				CLANG_WARN_BLOCK_CAPTURE_AUTORELEASING = YES;
				CLANG_WARN_BOOL_CONVERSION = YES;
				CLANG_WARN_COMMA = YES;
				CLANG_WARN_CONSTANT_CONVERSION = YES;
				CLANG_WARN_DEPRECATED_OBJC_IMPLEMENTATIONS = YES;
				CLANG_WARN_DIRECT_OBJC_ISA_USAGE = YES_ERROR;
				CLANG_WARN_DOCUMENTATION_COMMENTS = YES;
				CLANG_WARN_EMPTY_BODY = YES;
				CLANG_WARN_ENUM_CONVERSION = YES;
				CLANG_WARN_INFINITE_RECURSION = YES;
				CLANG_WARN_INT_CONVERSION = YES;
				CLANG_WARN_NON_LITERAL_NULL_CONVERSION = YES;
				CLANG_WARN_OBJC_IMPLICIT_RETAIN_SELF = YES;
				CLANG_WARN_OBJC_LITERAL_CONVERSION = YES;
				CLANG_WARN_OBJC_ROOT_CLASS = YES_ERROR;
				CLANG_WARN_RANGE_LOOP_ANALYSIS = YES;
				CLANG_WARN_STRICT_PROTOTYPES = YES;
				CLANG_WARN_SUSPICIOUS_MOVE = YES;
				CLANG_WARN_UNGUARDED_AVAILABILITY = YES_AGGRESSIVE;
				CLANG_WARN_UNREACHABLE_CODE = YES;
				CLANG_WARN__DUPLICATE_METHOD_MATCH = YES;
				CODE_SIGN_IDENTITY = "iPhone Developer";
				COPY_PHASE_STRIP = NO;
				DEBUG_INFORMATION_FORMAT = "dwarf-with-dsym";
				ENABLE_NS_ASSERTIONS = NO;
				ENABLE_STRICT_OBJC_MSGSEND = YES;
				GCC_C_LANGUAGE_STANDARD = gnu11;
				GCC_NO_COMMON_BLOCKS = YES;
				GCC_WARN_64_TO_32_BIT_CONVERSION = YES;
				GCC_WARN_ABOUT_RETURN_TYPE = YES_ERROR;
				GCC_WARN_UNDECLARED_SELECTOR = YES;
				GCC_WARN_UNINITIALIZED_AUTOS = YES_AGGRESSIVE;
				GCC_WARN_UNUSED_FUNCTION = YES;
				GCC_WARN_UNUSED_VARIABLE = YES;
				IPHONEOS_DEPLOYMENT_TARGET = 11.4;
				MTL_ENABLE_DEBUG_INFO = NO;
				SDKROOT = iphoneos;
				VALIDATE_PRODUCT = YES;
			};
			name = Release;
		};
		EAF104CC210D53170009CED7 /* Debug */ = {
			isa = XCBuildConfiguration;
			buildSettings = {
				ASSETCATALOG_COMPILER_APPICON_NAME = AppIcon;
				CODE_SIGN_IDENTITY = "iPhone Developer";
				CODE_SIGN_STYLE = Automatic;
				DEVELOPMENT_TEAM = E82T5RLF74;
				INFOPLIST_FILE = Example/Info.plist;
				IPHONEOS_DEPLOYMENT_TARGET = 9.0;
				LD_RUNPATH_SEARCH_PATHS = (
					"$(inherited)",
					"@executable_path/Frameworks",
				);
				PRODUCT_BUNDLE_IDENTIFIER = "github.com-jiliuliu.SIXRichEditor";
				PRODUCT_NAME = "$(TARGET_NAME)";
				PROVISIONING_PROFILE_SPECIFIER = "";
				TARGETED_DEVICE_FAMILY = "1,2";
			};
			name = Debug;
		};
		EAF104CD210D53170009CED7 /* Release */ = {
			isa = XCBuildConfiguration;
			buildSettings = {
				ASSETCATALOG_COMPILER_APPICON_NAME = AppIcon;
				CODE_SIGN_IDENTITY = "iPhone Developer";
				CODE_SIGN_STYLE = Automatic;
				DEVELOPMENT_TEAM = E82T5RLF74;
				INFOPLIST_FILE = Example/Info.plist;
				IPHONEOS_DEPLOYMENT_TARGET = 9.0;
				LD_RUNPATH_SEARCH_PATHS = (
					"$(inherited)",
					"@executable_path/Frameworks",
				);
				PRODUCT_BUNDLE_IDENTIFIER = "github.com-jiliuliu.SIXRichEditor";
				PRODUCT_NAME = "$(TARGET_NAME)";
				PROVISIONING_PROFILE_SPECIFIER = "";
				TARGETED_DEVICE_FAMILY = "1,2";
			};
			name = Release;
		};
/* End XCBuildConfiguration section */

/* Begin XCConfigurationList section */
		EAF104B0210D53160009CED7 /* Build configuration list for PBXProject "SIXRichEditor" */ = {
			isa = XCConfigurationList;
			buildConfigurations = (
				EAF104C9210D53170009CED7 /* Debug */,
				EAF104CA210D53170009CED7 /* Release */,
			);
			defaultConfigurationIsVisible = 0;
			defaultConfigurationName = Release;
		};
		EAF104CB210D53170009CED7 /* Build configuration list for PBXNativeTarget "SIXRichEditor" */ = {
			isa = XCConfigurationList;
			buildConfigurations = (
				EAF104CC210D53170009CED7 /* Debug */,
				EAF104CD210D53170009CED7 /* Release */,
			);
			defaultConfigurationIsVisible = 0;
			defaultConfigurationName = Release;
		};
/* End XCConfigurationList section */
	};
	rootObject = EAF104AD210D53160009CED7 /* Project object */;
}
